// !$*UTF8*$!
{
	archiveVersion = 1;
	classes = {
	};
	objectVersion = 55;
	objects = {

/* Begin PBXBuildFile section */
		ACDAA87728783B7400FC31DC /* SupportModuleApp2App.swift in Sources */ = {isa = PBXBuildFile; fileRef = ACDAA87628783B7400FC31DC /* SupportModuleApp2App.swift */; };
		ACDAA87928783B7400FC31DC /* ContentView.swift in Sources */ = {isa = PBXBuildFile; fileRef = ACDAA87828783B7400FC31DC /* ContentView.swift */; };
		ACDAA87B28783B7500FC31DC /* Assets.xcassets in Resources */ = {isa = PBXBuildFile; fileRef = ACDAA87A28783B7500FC31DC /* Assets.xcassets */; };
		ACDAA87E28783B7500FC31DC /* Preview Assets.xcassets in Resources */ = {isa = PBXBuildFile; fileRef = ACDAA87D28783B7500FC31DC /* Preview Assets.xcassets */; };
		ACDAA88C28783B8800FC31DC /* Module1.h in Headers */ = {isa = PBXBuildFile; fileRef = ACDAA88B28783B8800FC31DC /* Module1.h */; settings = {ATTRIBUTES = (Public, ); }; };
		ACDAA88F28783B8800FC31DC /* Module1.framework in Frameworks */ = {isa = PBXBuildFile; fileRef = ACDAA88928783B8800FC31DC /* Module1.framework */; };
		ACDAA89028783B8800FC31DC /* Module1.framework in Embed Frameworks */ = {isa = PBXBuildFile; fileRef = ACDAA88928783B8800FC31DC /* Module1.framework */; settings = {ATTRIBUTES = (CodeSignOnCopy, RemoveHeadersOnCopy, ); }; };
		ACDAA89628783B9300FC31DC /* Module1.swift in Sources */ = {isa = PBXBuildFile; fileRef = ACDAA89528783B9300FC31DC /* Module1.swift */; };
		ACDAA89E28783BD200FC31DC /* Realm in Frameworks */ = {isa = PBXBuildFile; productRef = ACDAA89D28783BD200FC31DC /* Realm */; };
		ACDAA8A028783BD200FC31DC /* RealmSwift in Frameworks */ = {isa = PBXBuildFile; productRef = ACDAA89F28783BD200FC31DC /* RealmSwift */; };
		ACDAA8A92878445D00FC31DC /* Module2.h in Headers */ = {isa = PBXBuildFile; fileRef = ACDAA8A82878445D00FC31DC /* Module2.h */; settings = {ATTRIBUTES = (Public, ); }; };
		ACDAA8B22878446300FC31DC /* Realm in Frameworks */ = {isa = PBXBuildFile; productRef = ACDAA8B12878446300FC31DC /* Realm */; };
		ACDAA8B42878446300FC31DC /* RealmSwift in Frameworks */ = {isa = PBXBuildFile; productRef = ACDAA8B32878446300FC31DC /* RealmSwift */; };
		ACDAA8B62878447F00FC31DC /* Module2.swift in Sources */ = {isa = PBXBuildFile; fileRef = ACDAA8B52878447F00FC31DC /* Module2.swift */; };
/* End PBXBuildFile section */

/* Begin PBXContainerItemProxy section */
		ACDAA88D28783B8800FC31DC /* PBXContainerItemProxy */ = {
			isa = PBXContainerItemProxy;
			containerPortal = ACDAA86B28783B7400FC31DC /* Project object */;
			proxyType = 1;
			remoteGlobalIDString = ACDAA88828783B8800FC31DC;
			remoteInfo = Module1;
		};
/* End PBXContainerItemProxy section */

/* Begin PBXCopyFilesBuildPhase section */
		ACDAA89428783B8800FC31DC /* Embed Frameworks */ = {
			isa = PBXCopyFilesBuildPhase;
			buildActionMask = 2147483647;
			dstPath = "";
			dstSubfolderSpec = 10;
			files = (
				ACDAA89028783B8800FC31DC /* Module1.framework in Embed Frameworks */,
			);
			name = "Embed Frameworks";
			runOnlyForDeploymentPostprocessing = 0;
		};
/* End PBXCopyFilesBuildPhase section */

/* Begin PBXFileReference section */
		ACDAA87328783B7400FC31DC /* SupportModuleApp2.app */ = {isa = PBXFileReference; explicitFileType = wrapper.application; includeInIndex = 0; path = SupportModuleApp2.app; sourceTree = BUILT_PRODUCTS_DIR; };
		ACDAA87628783B7400FC31DC /* SupportModuleApp2App.swift */ = {isa = PBXFileReference; lastKnownFileType = sourcecode.swift; path = SupportModuleApp2App.swift; sourceTree = "<group>"; };
		ACDAA87828783B7400FC31DC /* ContentView.swift */ = {isa = PBXFileReference; lastKnownFileType = sourcecode.swift; path = ContentView.swift; sourceTree = "<group>"; };
		ACDAA87A28783B7500FC31DC /* Assets.xcassets */ = {isa = PBXFileReference; lastKnownFileType = folder.assetcatalog; path = Assets.xcassets; sourceTree = "<group>"; };
		ACDAA87D28783B7500FC31DC /* Preview Assets.xcassets */ = {isa = PBXFileReference; lastKnownFileType = folder.assetcatalog; path = "Preview Assets.xcassets"; sourceTree = "<group>"; };
		ACDAA88928783B8800FC31DC /* Module1.framework */ = {isa = PBXFileReference; explicitFileType = wrapper.framework; includeInIndex = 0; path = Module1.framework; sourceTree = BUILT_PRODUCTS_DIR; };
		ACDAA88B28783B8800FC31DC /* Module1.h */ = {isa = PBXFileReference; lastKnownFileType = sourcecode.c.h; path = Module1.h; sourceTree = "<group>"; };
		ACDAA89528783B9300FC31DC /* Module1.swift */ = {isa = PBXFileReference; lastKnownFileType = sourcecode.swift; path = Module1.swift; sourceTree = "<group>"; };
		ACDAA8A62878445D00FC31DC /* Module2.framework */ = {isa = PBXFileReference; explicitFileType = wrapper.framework; includeInIndex = 0; path = Module2.framework; sourceTree = BUILT_PRODUCTS_DIR; };
		ACDAA8A82878445D00FC31DC /* Module2.h */ = {isa = PBXFileReference; lastKnownFileType = sourcecode.c.h; path = Module2.h; sourceTree = "<group>"; };
		ACDAA8B52878447F00FC31DC /* Module2.swift */ = {isa = PBXFileReference; lastKnownFileType = sourcecode.swift; path = Module2.swift; sourceTree = "<group>"; };
/* End PBXFileReference section */

/* Begin PBXFrameworksBuildPhase section */
		ACDAA87028783B7400FC31DC /* Frameworks */ = {
			isa = PBXFrameworksBuildPhase;
			buildActionMask = 2147483647;
			files = (
				ACDAA88F28783B8800FC31DC /* Module1.framework in Frameworks */,
			);
			runOnlyForDeploymentPostprocessing = 0;
		};
		ACDAA88628783B8800FC31DC /* Frameworks */ = {
			isa = PBXFrameworksBuildPhase;
			buildActionMask = 2147483647;
			files = (
				ACDAA8A028783BD200FC31DC /* RealmSwift in Frameworks */,
				ACDAA89E28783BD200FC31DC /* Realm in Frameworks */,
			);
			runOnlyForDeploymentPostprocessing = 0;
		};
		ACDAA8A32878445D00FC31DC /* Frameworks */ = {
			isa = PBXFrameworksBuildPhase;
			buildActionMask = 2147483647;
			files = (
				ACDAA8B42878446300FC31DC /* RealmSwift in Frameworks */,
				ACDAA8B22878446300FC31DC /* Realm in Frameworks */,
			);
			runOnlyForDeploymentPostprocessing = 0;
		};
/* End PBXFrameworksBuildPhase section */

/* Begin PBXGroup section */
		ACDAA86A28783B7400FC31DC = {
			isa = PBXGroup;
			children = (
				ACDAA87528783B7400FC31DC /* SupportModuleApp2 */,
				ACDAA88A28783B8800FC31DC /* Module1 */,
				ACDAA8A72878445D00FC31DC /* Module2 */,
				ACDAA87428783B7400FC31DC /* Products */,
				ACDAA89C28783BD200FC31DC /* Frameworks */,
			);
			sourceTree = "<group>";
		};
		ACDAA87428783B7400FC31DC /* Products */ = {
			isa = PBXGroup;
			children = (
				ACDAA87328783B7400FC31DC /* SupportModuleApp2.app */,
				ACDAA88928783B8800FC31DC /* Module1.framework */,
				ACDAA8A62878445D00FC31DC /* Module2.framework */,
			);
			name = Products;
			sourceTree = "<group>";
		};
		ACDAA87528783B7400FC31DC /* SupportModuleApp2 */ = {
			isa = PBXGroup;
			children = (
				ACDAA87628783B7400FC31DC /* SupportModuleApp2App.swift */,
				ACDAA87828783B7400FC31DC /* ContentView.swift */,
				ACDAA87A28783B7500FC31DC /* Assets.xcassets */,
				ACDAA87C28783B7500FC31DC /* Preview Content */,
			);
			path = SupportModuleApp2;
			sourceTree = "<group>";
		};
		ACDAA87C28783B7500FC31DC /* Preview Content */ = {
			isa = PBXGroup;
			children = (
				ACDAA87D28783B7500FC31DC /* Preview Assets.xcassets */,
			);
			path = "Preview Content";
			sourceTree = "<group>";
		};
		ACDAA88A28783B8800FC31DC /* Module1 */ = {
			isa = PBXGroup;
			children = (
				ACDAA88B28783B8800FC31DC /* Module1.h */,
				ACDAA89528783B9300FC31DC /* Module1.swift */,
			);
			path = Module1;
			sourceTree = "<group>";
		};
		ACDAA89C28783BD200FC31DC /* Frameworks */ = {
			isa = PBXGroup;
			children = (
			);
			name = Frameworks;
			sourceTree = "<group>";
		};
		ACDAA8A72878445D00FC31DC /* Module2 */ = {
			isa = PBXGroup;
			children = (
				ACDAA8A82878445D00FC31DC /* Module2.h */,
				ACDAA8B52878447F00FC31DC /* Module2.swift */,
			);
			path = Module2;
			sourceTree = "<group>";
		};
/* End PBXGroup section */

/* Begin PBXHeadersBuildPhase section */
		ACDAA88428783B8800FC31DC /* Headers */ = {
			isa = PBXHeadersBuildPhase;
			buildActionMask = 2147483647;
			files = (
				ACDAA88C28783B8800FC31DC /* Module1.h in Headers */,
			);
			runOnlyForDeploymentPostprocessing = 0;
		};
		ACDAA8A12878445D00FC31DC /* Headers */ = {
			isa = PBXHeadersBuildPhase;
			buildActionMask = 2147483647;
			files = (
				ACDAA8A92878445D00FC31DC /* Module2.h in Headers */,
			);
			runOnlyForDeploymentPostprocessing = 0;
		};
/* End PBXHeadersBuildPhase section */

/* Begin PBXNativeTarget section */
		ACDAA87228783B7400FC31DC /* SupportModuleApp2 */ = {
			isa = PBXNativeTarget;
			buildConfigurationList = ACDAA88128783B7500FC31DC /* Build configuration list for PBXNativeTarget "SupportModuleApp2" */;
			buildPhases = (
				ACDAA86F28783B7400FC31DC /* Sources */,
				ACDAA87028783B7400FC31DC /* Frameworks */,
				ACDAA87128783B7400FC31DC /* Resources */,
				ACDAA89428783B8800FC31DC /* Embed Frameworks */,
			);
			buildRules = (
			);
			dependencies = (
				ACDAA88E28783B8800FC31DC /* PBXTargetDependency */,
			);
			name = SupportModuleApp2;
			packageProductDependencies = (
			);
			productName = SupportModuleApp2;
			productReference = ACDAA87328783B7400FC31DC /* SupportModuleApp2.app */;
			productType = "com.apple.product-type.application";
		};
		ACDAA88828783B8800FC31DC /* Module1 */ = {
			isa = PBXNativeTarget;
			buildConfigurationList = ACDAA89128783B8800FC31DC /* Build configuration list for PBXNativeTarget "Module1" */;
			buildPhases = (
				ACDAA88428783B8800FC31DC /* Headers */,
				ACDAA88528783B8800FC31DC /* Sources */,
				ACDAA88628783B8800FC31DC /* Frameworks */,
				ACDAA88728783B8800FC31DC /* Resources */,
			);
			buildRules = (
			);
			dependencies = (
			);
			name = Module1;
			packageProductDependencies = (
				ACDAA89D28783BD200FC31DC /* Realm */,
				ACDAA89F28783BD200FC31DC /* RealmSwift */,
			);
			productName = Module1;
			productReference = ACDAA88928783B8800FC31DC /* Module1.framework */;
			productType = "com.apple.product-type.framework";
		};
		ACDAA8A52878445D00FC31DC /* Module2 */ = {
			isa = PBXNativeTarget;
			buildConfigurationList = ACDAA8AE2878445D00FC31DC /* Build configuration list for PBXNativeTarget "Module2" */;
			buildPhases = (
				ACDAA8A12878445D00FC31DC /* Headers */,
				ACDAA8A22878445D00FC31DC /* Sources */,
				ACDAA8A32878445D00FC31DC /* Frameworks */,
				ACDAA8A42878445D00FC31DC /* Resources */,
			);
			buildRules = (
			);
			dependencies = (
			);
			name = Module2;
			packageProductDependencies = (
				ACDAA8B12878446300FC31DC /* Realm */,
				ACDAA8B32878446300FC31DC /* RealmSwift */,
			);
			productName = Module2;
			productReference = ACDAA8A62878445D00FC31DC /* Module2.framework */;
			productType = "com.apple.product-type.framework";
		};
/* End PBXNativeTarget section */

/* Begin PBXProject section */
		ACDAA86B28783B7400FC31DC /* Project object */ = {
			isa = PBXProject;
			attributes = {
				BuildIndependentTargetsInParallel = 1;
				LastSwiftUpdateCheck = 1340;
				LastUpgradeCheck = 1340;
				TargetAttributes = {
					ACDAA87228783B7400FC31DC = {
						CreatedOnToolsVersion = 13.4.1;
					};
					ACDAA88828783B8800FC31DC = {
						CreatedOnToolsVersion = 13.4.1;
						LastSwiftMigration = 1340;
					};
					ACDAA8A52878445D00FC31DC = {
						CreatedOnToolsVersion = 13.4.1;
						LastSwiftMigration = 1340;
					};
				};
			};
			buildConfigurationList = ACDAA86E28783B7400FC31DC /* Build configuration list for PBXProject "SupportModuleApp2" */;
			compatibilityVersion = "Xcode 13.0";
			developmentRegion = en;
			hasScannedForEncodings = 0;
			knownRegions = (
				en,
				Base,
			);
			mainGroup = ACDAA86A28783B7400FC31DC;
			packageReferences = (
				ACDAA89728783BCA00FC31DC /* XCRemoteSwiftPackageReference "realm-swift" */,
			);
			productRefGroup = ACDAA87428783B7400FC31DC /* Products */;
			projectDirPath = "";
			projectRoot = "";
			targets = (
				ACDAA87228783B7400FC31DC /* SupportModuleApp2 */,
				ACDAA88828783B8800FC31DC /* Module1 */,
				ACDAA8A52878445D00FC31DC /* Module2 */,
			);
		};
/* End PBXProject section */

/* Begin PBXResourcesBuildPhase section */
		ACDAA87128783B7400FC31DC /* Resources */ = {
			isa = PBXResourcesBuildPhase;
			buildActionMask = 2147483647;
			files = (
				ACDAA87E28783B7500FC31DC /* Preview Assets.xcassets in Resources */,
				ACDAA87B28783B7500FC31DC /* Assets.xcassets in Resources */,
			);
			runOnlyForDeploymentPostprocessing = 0;
		};
		ACDAA88728783B8800FC31DC /* Resources */ = {
			isa = PBXResourcesBuildPhase;
			buildActionMask = 2147483647;
			files = (
			);
			runOnlyForDeploymentPostprocessing = 0;
		};
		ACDAA8A42878445D00FC31DC /* Resources */ = {
			isa = PBXResourcesBuildPhase;
			buildActionMask = 2147483647;
			files = (
			);
			runOnlyForDeploymentPostprocessing = 0;
		};
/* End PBXResourcesBuildPhase section */

/* Begin PBXSourcesBuildPhase section */
		ACDAA86F28783B7400FC31DC /* Sources */ = {
			isa = PBXSourcesBuildPhase;
			buildActionMask = 2147483647;
			files = (
				ACDAA87928783B7400FC31DC /* ContentView.swift in Sources */,
				ACDAA87728783B7400FC31DC /* SupportModuleApp2App.swift in Sources */,
			);
			runOnlyForDeploymentPostprocessing = 0;
		};
		ACDAA88528783B8800FC31DC /* Sources */ = {
			isa = PBXSourcesBuildPhase;
			buildActionMask = 2147483647;
			files = (
				ACDAA89628783B9300FC31DC /* Module1.swift in Sources */,
			);
			runOnlyForDeploymentPostprocessing = 0;
		};
		ACDAA8A22878445D00FC31DC /* Sources */ = {
			isa = PBXSourcesBuildPhase;
			buildActionMask = 2147483647;
			files = (
				ACDAA8B62878447F00FC31DC /* Module2.swift in Sources */,
			);
			runOnlyForDeploymentPostprocessing = 0;
		};
/* End PBXSourcesBuildPhase section */

/* Begin PBXTargetDependency section */
		ACDAA88E28783B8800FC31DC /* PBXTargetDependency */ = {
			isa = PBXTargetDependency;
			target = ACDAA88828783B8800FC31DC /* Module1 */;
			targetProxy = ACDAA88D28783B8800FC31DC /* PBXContainerItemProxy */;
		};
/* End PBXTargetDependency section */

/* Begin XCBuildConfiguration section */
		ACDAA87F28783B7500FC31DC /* Debug */ = {
			isa = XCBuildConfiguration;
			buildSettings = {
				ALWAYS_SEARCH_USER_PATHS = NO;
				CLANG_ANALYZER_NONNULL = YES;
				CLANG_ANALYZER_NUMBER_OBJECT_CONVERSION = YES_AGGRESSIVE;
				CLANG_CXX_LANGUAGE_STANDARD = "gnu++17";
				CLANG_ENABLE_MODULES = YES;
				CLANG_ENABLE_OBJC_ARC = YES;
				CLANG_ENABLE_OBJC_WEAK = YES;
				CLANG_WARN_BLOCK_CAPTURE_AUTORELEASING = YES;
				CLANG_WARN_BOOL_CONVERSION = YES;
				CLANG_WARN_COMMA = YES;
				CLANG_WARN_CONSTANT_CONVERSION = YES;
				CLANG_WARN_DEPRECATED_OBJC_IMPLEMENTATIONS = YES;
				CLANG_WARN_DIRECT_OBJC_ISA_USAGE = YES_ERROR;
				CLANG_WARN_DOCUMENTATION_COMMENTS = YES;
				CLANG_WARN_EMPTY_BODY = YES;
				CLANG_WARN_ENUM_CONVERSION = YES;
				CLANG_WARN_INFINITE_RECURSION = YES;
				CLANG_WARN_INT_CONVERSION = YES;
				CLANG_WARN_NON_LITERAL_NULL_CONVERSION = YES;
				CLANG_WARN_OBJC_IMPLICIT_RETAIN_SELF = YES;
				CLANG_WARN_OBJC_LITERAL_CONVERSION = YES;
				CLANG_WARN_OBJC_ROOT_CLASS = YES_ERROR;
				CLANG_WARN_QUOTED_INCLUDE_IN_FRAMEWORK_HEADER = YES;
				CLANG_WARN_RANGE_LOOP_ANALYSIS = YES;
				CLANG_WARN_STRICT_PROTOTYPES = YES;
				CLANG_WARN_SUSPICIOUS_MOVE = YES;
				CLANG_WARN_UNGUARDED_AVAILABILITY = YES_AGGRESSIVE;
				CLANG_WARN_UNREACHABLE_CODE = YES;
				CLANG_WARN__DUPLICATE_METHOD_MATCH = YES;
				COPY_PHASE_STRIP = NO;
				DEBUG_INFORMATION_FORMAT = dwarf;
				ENABLE_STRICT_OBJC_MSGSEND = YES;
				ENABLE_TESTABILITY = YES;
				GCC_C_LANGUAGE_STANDARD = gnu11;
				GCC_DYNAMIC_NO_PIC = NO;
				GCC_NO_COMMON_BLOCKS = YES;
				GCC_OPTIMIZATION_LEVEL = 0;
				GCC_PREPROCESSOR_DEFINITIONS = (
					"DEBUG=1",
					"$(inherited)",
				);
				GCC_WARN_64_TO_32_BIT_CONVERSION = YES;
				GCC_WARN_ABOUT_RETURN_TYPE = YES_ERROR;
				GCC_WARN_UNDECLARED_SELECTOR = YES;
				GCC_WARN_UNINITIALIZED_AUTOS = YES_AGGRESSIVE;
				GCC_WARN_UNUSED_FUNCTION = YES;
				GCC_WARN_UNUSED_VARIABLE = YES;
				IPHONEOS_DEPLOYMENT_TARGET = 15.5;
				MTL_ENABLE_DEBUG_INFO = INCLUDE_SOURCE;
				MTL_FAST_MATH = YES;
				ONLY_ACTIVE_ARCH = YES;
				SDKROOT = iphoneos;
				SWIFT_ACTIVE_COMPILATION_CONDITIONS = DEBUG;
				SWIFT_OPTIMIZATION_LEVEL = "-Onone";
			};
			name = Debug;
		};
		ACDAA88028783B7500FC31DC /* Release */ = {
			isa = XCBuildConfiguration;
			buildSettings = {
				ALWAYS_SEARCH_USER_PATHS = NO;
				CLANG_ANALYZER_NONNULL = YES;
				CLANG_ANALYZER_NUMBER_OBJECT_CONVERSION = YES_AGGRESSIVE;
				CLANG_CXX_LANGUAGE_STANDARD = "gnu++17";
				CLANG_ENABLE_MODULES = YES;
				CLANG_ENABLE_OBJC_ARC = YES;
				CLANG_ENABLE_OBJC_WEAK = YES;
				CLANG_WARN_BLOCK_CAPTURE_AUTORELEASING = YES;
				CLANG_WARN_BOOL_CONVERSION = YES;
				CLANG_WARN_COMMA = YES;
				CLANG_WARN_CONSTANT_CONVERSION = YES;
				CLANG_WARN_DEPRECATED_OBJC_IMPLEMENTATIONS = YES;
				CLANG_WARN_DIRECT_OBJC_ISA_USAGE = YES_ERROR;
				CLANG_WARN_DOCUMENTATION_COMMENTS = YES;
				CLANG_WARN_EMPTY_BODY = YES;
				CLANG_WARN_ENUM_CONVERSION = YES;
				CLANG_WARN_INFINITE_RECURSION = YES;
				CLANG_WARN_INT_CONVERSION = YES;
				CLANG_WARN_NON_LITERAL_NULL_CONVERSION = YES;
				CLANG_WARN_OBJC_IMPLICIT_RETAIN_SELF = YES;
				CLANG_WARN_OBJC_LITERAL_CONVERSION = YES;
				CLANG_WARN_OBJC_ROOT_CLASS = YES_ERROR;
				CLANG_WARN_QUOTED_INCLUDE_IN_FRAMEWORK_HEADER = YES;
				CLANG_WARN_RANGE_LOOP_ANALYSIS = YES;
				CLANG_WARN_STRICT_PROTOTYPES = YES;
				CLANG_WARN_SUSPICIOUS_MOVE = YES;
				CLANG_WARN_UNGUARDED_AVAILABILITY = YES_AGGRESSIVE;
				CLANG_WARN_UNREACHABLE_CODE = YES;
				CLANG_WARN__DUPLICATE_METHOD_MATCH = YES;
				COPY_PHASE_STRIP = NO;
				DEBUG_INFORMATION_FORMAT = "dwarf-with-dsym";
				ENABLE_NS_ASSERTIONS = NO;
				ENABLE_STRICT_OBJC_MSGSEND = YES;
				GCC_C_LANGUAGE_STANDARD = gnu11;
				GCC_NO_COMMON_BLOCKS = YES;
				GCC_WARN_64_TO_32_BIT_CONVERSION = YES;
				GCC_WARN_ABOUT_RETURN_TYPE = YES_ERROR;
				GCC_WARN_UNDECLARED_SELECTOR = YES;
				GCC_WARN_UNINITIALIZED_AUTOS = YES_AGGRESSIVE;
				GCC_WARN_UNUSED_FUNCTION = YES;
				GCC_WARN_UNUSED_VARIABLE = YES;
				IPHONEOS_DEPLOYMENT_TARGET = 15.5;
				MTL_ENABLE_DEBUG_INFO = NO;
				MTL_FAST_MATH = YES;
				SDKROOT = iphoneos;
				SWIFT_COMPILATION_MODE = wholemodule;
				SWIFT_OPTIMIZATION_LEVEL = "-O";
				VALIDATE_PRODUCT = YES;
			};
			name = Release;
		};
		ACDAA88228783B7500FC31DC /* Debug */ = {
			isa = XCBuildConfiguration;
			buildSettings = {
				ALWAYS_EMBED_SWIFT_STANDARD_LIBRARIES = YES;
				ASSETCATALOG_COMPILER_APPICON_NAME = AppIcon;
				ASSETCATALOG_COMPILER_GLOBAL_ACCENT_COLOR_NAME = AccentColor;
				CODE_SIGN_STYLE = Automatic;
				CURRENT_PROJECT_VERSION = 1;
				DEVELOPMENT_ASSET_PATHS = "\"SupportModuleApp2/Preview Content\"";
				DEVELOPMENT_TEAM = 74HX4QV25A;
				ENABLE_PREVIEWS = YES;
				GENERATE_INFOPLIST_FILE = YES;
				INFOPLIST_KEY_UIApplicationSceneManifest_Generation = YES;
				INFOPLIST_KEY_UIApplicationSupportsIndirectInputEvents = YES;
				INFOPLIST_KEY_UILaunchScreen_Generation = YES;
				INFOPLIST_KEY_UISupportedInterfaceOrientations_iPad = "UIInterfaceOrientationPortrait UIInterfaceOrientationPortraitUpsideDown UIInterfaceOrientationLandscapeLeft UIInterfaceOrientationLandscapeRight";
				INFOPLIST_KEY_UISupportedInterfaceOrientations_iPhone = "UIInterfaceOrientationPortrait UIInterfaceOrientationLandscapeLeft UIInterfaceOrientationLandscapeRight";
				LD_RUNPATH_SEARCH_PATHS = (
					"$(inherited)",
					"@executable_path/Frameworks",
				);
				MARKETING_VERSION = 1.0;
				PRODUCT_BUNDLE_IDENTIFIER = io.testwatchos.realm.support.wrapper.SupportModuleApp2;
				PRODUCT_NAME = "$(TARGET_NAME)";
				SWIFT_EMIT_LOC_STRINGS = YES;
				SWIFT_VERSION = 5.0;
				TARGETED_DEVICE_FAMILY = "1,2";
			};
			name = Debug;
		};
		ACDAA88328783B7500FC31DC /* Release */ = {
			isa = XCBuildConfiguration;
			buildSettings = {
				ALWAYS_EMBED_SWIFT_STANDARD_LIBRARIES = YES;
				ASSETCATALOG_COMPILER_APPICON_NAME = AppIcon;
				ASSETCATALOG_COMPILER_GLOBAL_ACCENT_COLOR_NAME = AccentColor;
				CODE_SIGN_STYLE = Automatic;
				CURRENT_PROJECT_VERSION = 1;
				DEVELOPMENT_ASSET_PATHS = "\"SupportModuleApp2/Preview Content\"";
				DEVELOPMENT_TEAM = 74HX4QV25A;
				ENABLE_PREVIEWS = YES;
				GENERATE_INFOPLIST_FILE = YES;
				INFOPLIST_KEY_UIApplicationSceneManifest_Generation = YES;
				INFOPLIST_KEY_UIApplicationSupportsIndirectInputEvents = YES;
				INFOPLIST_KEY_UILaunchScreen_Generation = YES;
				INFOPLIST_KEY_UISupportedInterfaceOrientations_iPad = "UIInterfaceOrientationPortrait UIInterfaceOrientationPortraitUpsideDown UIInterfaceOrientationLandscapeLeft UIInterfaceOrientationLandscapeRight";
				INFOPLIST_KEY_UISupportedInterfaceOrientations_iPhone = "UIInterfaceOrientationPortrait UIInterfaceOrientationLandscapeLeft UIInterfaceOrientationLandscapeRight";
				LD_RUNPATH_SEARCH_PATHS = (
					"$(inherited)",
					"@executable_path/Frameworks",
				);
				MARKETING_VERSION = 1.0;
				PRODUCT_BUNDLE_IDENTIFIER = io.testwatchos.realm.support.wrapper.SupportModuleApp2;
				PRODUCT_NAME = "$(TARGET_NAME)";
				SWIFT_EMIT_LOC_STRINGS = YES;
				SWIFT_VERSION = 5.0;
				TARGETED_DEVICE_FAMILY = "1,2";
			};
			name = Release;
		};
		ACDAA89228783B8800FC31DC /* Debug */ = {
			isa = XCBuildConfiguration;
			buildSettings = {
				CLANG_ENABLE_MODULES = YES;
				CODE_SIGN_STYLE = Automatic;
				CURRENT_PROJECT_VERSION = 1;
				DEFINES_MODULE = YES;
				DEVELOPMENT_TEAM = 74HX4QV25A;
				DYLIB_COMPATIBILITY_VERSION = 1;
				DYLIB_CURRENT_VERSION = 1;
				DYLIB_INSTALL_NAME_BASE = "@rpath";
				GENERATE_INFOPLIST_FILE = YES;
				INFOPLIST_KEY_NSHumanReadableCopyright = "";
				INSTALL_PATH = "$(LOCAL_LIBRARY_DIR)/Frameworks";
				LD_RUNPATH_SEARCH_PATHS = (
					"$(inherited)",
					"@executable_path/Frameworks",
					"@loader_path/Frameworks",
				);
				MARKETING_VERSION = 1.0;
				PRODUCT_BUNDLE_IDENTIFIER = io.testwatchos.realm.support.wrapper.Module1;
				PRODUCT_NAME = "$(TARGET_NAME:c99extidentifier)";
				SKIP_INSTALL = YES;
				SWIFT_EMIT_LOC_STRINGS = YES;
				SWIFT_OPTIMIZATION_LEVEL = "-Onone";
				SWIFT_VERSION = 5.0;
				TARGETED_DEVICE_FAMILY = "1,2";
				VERSIONING_SYSTEM = "apple-generic";
				VERSION_INFO_PREFIX = "";
			};
			name = Debug;
		};
		ACDAA89328783B8800FC31DC /* Release */ = {
			isa = XCBuildConfiguration;
			buildSettings = {
				CLANG_ENABLE_MODULES = YES;
				CODE_SIGN_STYLE = Automatic;
				CURRENT_PROJECT_VERSION = 1;
				DEFINES_MODULE = YES;
				DEVELOPMENT_TEAM = 74HX4QV25A;
				DYLIB_COMPATIBILITY_VERSION = 1;
				DYLIB_CURRENT_VERSION = 1;
				DYLIB_INSTALL_NAME_BASE = "@rpath";
				GENERATE_INFOPLIST_FILE = YES;
				INFOPLIST_KEY_NSHumanReadableCopyright = "";
				INSTALL_PATH = "$(LOCAL_LIBRARY_DIR)/Frameworks";
				LD_RUNPATH_SEARCH_PATHS = (
					"$(inherited)",
					"@executable_path/Frameworks",
					"@loader_path/Frameworks",
				);
				MARKETING_VERSION = 1.0;
				PRODUCT_BUNDLE_IDENTIFIER = io.testwatchos.realm.support.wrapper.Module1;
				PRODUCT_NAME = "$(TARGET_NAME:c99extidentifier)";
				SKIP_INSTALL = YES;
				SWIFT_EMIT_LOC_STRINGS = YES;
				SWIFT_VERSION = 5.0;
				TARGETED_DEVICE_FAMILY = "1,2";
				VERSIONING_SYSTEM = "apple-generic";
				VERSION_INFO_PREFIX = "";
			};
			name = Release;
		};
		ACDAA8AF2878445D00FC31DC /* Debug */ = {
			isa = XCBuildConfiguration;
			buildSettings = {
				CLANG_ENABLE_MODULES = YES;
				CODE_SIGN_STYLE = Automatic;
				CURRENT_PROJECT_VERSION = 1;
				DEFINES_MODULE = YES;
				DEVELOPMENT_TEAM = 74HX4QV25A;
				DYLIB_COMPATIBILITY_VERSION = 1;
				DYLIB_CURRENT_VERSION = 1;
				DYLIB_INSTALL_NAME_BASE = "@rpath";
				GENERATE_INFOPLIST_FILE = YES;
				INFOPLIST_KEY_NSHumanReadableCopyright = "";
				INSTALL_PATH = "$(LOCAL_LIBRARY_DIR)/Frameworks";
				LD_RUNPATH_SEARCH_PATHS = (
					"$(inherited)",
					"@executable_path/Frameworks",
					"@loader_path/Frameworks",
				);
				MARKETING_VERSION = 1.0;
				PRODUCT_BUNDLE_IDENTIFIER = io.testwatchos.realm.support.wrapper.Module2;
				PRODUCT_NAME = "$(TARGET_NAME:c99extidentifier)";
				SKIP_INSTALL = YES;
				SWIFT_EMIT_LOC_STRINGS = YES;
				SWIFT_OPTIMIZATION_LEVEL = "-Onone";
				SWIFT_VERSION = 5.0;
				TARGETED_DEVICE_FAMILY = "1,2";
				VERSIONING_SYSTEM = "apple-generic";
				VERSION_INFO_PREFIX = "";
			};
			name = Debug;
		};
		ACDAA8B02878445D00FC31DC /* Release */ = {
			isa = XCBuildConfiguration;
			buildSettings = {
				CLANG_ENABLE_MODULES = YES;
				CODE_SIGN_STYLE = Automatic;
				CURRENT_PROJECT_VERSION = 1;
				DEFINES_MODULE = YES;
				DEVELOPMENT_TEAM = 74HX4QV25A;
				DYLIB_COMPATIBILITY_VERSION = 1;
				DYLIB_CURRENT_VERSION = 1;
				DYLIB_INSTALL_NAME_BASE = "@rpath";
				GENERATE_INFOPLIST_FILE = YES;
				INFOPLIST_KEY_NSHumanReadableCopyright = "";
				INSTALL_PATH = "$(LOCAL_LIBRARY_DIR)/Frameworks";
				LD_RUNPATH_SEARCH_PATHS = (
					"$(inherited)",
					"@executable_path/Frameworks",
					"@loader_path/Frameworks",
				);
				MARKETING_VERSION = 1.0;
				PRODUCT_BUNDLE_IDENTIFIER = io.testwatchos.realm.support.wrapper.Module2;
				PRODUCT_NAME = "$(TARGET_NAME:c99extidentifier)";
				SKIP_INSTALL = YES;
				SWIFT_EMIT_LOC_STRINGS = YES;
				SWIFT_VERSION = 5.0;
				TARGETED_DEVICE_FAMILY = "1,2";
				VERSIONING_SYSTEM = "apple-generic";
				VERSION_INFO_PREFIX = "";
			};
			name = Release;
		};
/* End XCBuildConfiguration section */

/* Begin XCConfigurationList section */
		ACDAA86E28783B7400FC31DC /* Build configuration list for PBXProject "SupportModuleApp2" */ = {
			isa = XCConfigurationList;
			buildConfigurations = (
				ACDAA87F28783B7500FC31DC /* Debug */,
				ACDAA88028783B7500FC31DC /* Release */,
			);
			defaultConfigurationIsVisible = 0;
			defaultConfigurationName = Release;
		};
		ACDAA88128783B7500FC31DC /* Build configuration list for PBXNativeTarget "SupportModuleApp2" */ = {
			isa = XCConfigurationList;
			buildConfigurations = (
				ACDAA88228783B7500FC31DC /* Debug */,
				ACDAA88328783B7500FC31DC /* Release */,
			);
			defaultConfigurationIsVisible = 0;
			defaultConfigurationName = Release;
		};
		ACDAA89128783B8800FC31DC /* Build configuration list for PBXNativeTarget "Module1" */ = {
			isa = XCConfigurationList;
			buildConfigurations = (
				ACDAA89228783B8800FC31DC /* Debug */,
				ACDAA89328783B8800FC31DC /* Release */,
			);
			defaultConfigurationIsVisible = 0;
			defaultConfigurationName = Release;
		};
		ACDAA8AE2878445D00FC31DC /* Build configuration list for PBXNativeTarget "Module2" */ = {
			isa = XCConfigurationList;
			buildConfigurations = (
				ACDAA8AF2878445D00FC31DC /* Debug */,
				ACDAA8B02878445D00FC31DC /* Release */,
			);
			defaultConfigurationIsVisible = 0;
			defaultConfigurationName = Release;
		};
/* End XCConfigurationList section */

/* Begin XCRemoteSwiftPackageReference section */
		ACDAA89728783BCA00FC31DC /* XCRemoteSwiftPackageReference "realm-swift" */ = {
			isa = XCRemoteSwiftPackageReference;
			repositoryURL = "https://github.com/realm/realm-swift";
			requirement = {
				kind = exactVersion;
				version = 10.28.2;
			};
		};
/* End XCRemoteSwiftPackageReference section */

/* Begin XCSwiftPackageProductDependency section */
		ACDAA89D28783BD200FC31DC /* Realm */ = {
			isa = XCSwiftPackageProductDependency;
			package = ACDAA89728783BCA00FC31DC /* XCRemoteSwiftPackageReference "realm-swift" */;
			productName = Realm;
		};
		ACDAA89F28783BD200FC31DC /* RealmSwift */ = {
			isa = XCSwiftPackageProductDependency;
			package = ACDAA89728783BCA00FC31DC /* XCRemoteSwiftPackageReference "realm-swift" */;
			productName = RealmSwift;
		};
		ACDAA8B12878446300FC31DC /* Realm */ = {
			isa = XCSwiftPackageProductDependency;
			package = ACDAA89728783BCA00FC31DC /* XCRemoteSwiftPackageReference "realm-swift" */;
			productName = Realm;
		};
		ACDAA8B32878446300FC31DC /* RealmSwift */ = {
			isa = XCSwiftPackageProductDependency;
			package = ACDAA89728783BCA00FC31DC /* XCRemoteSwiftPackageReference "realm-swift" */;
			productName = RealmSwift;
		};
/* End XCSwiftPackageProductDependency section */
	};
	rootObject = ACDAA86B28783B7400FC31DC /* Project object */;
}
